
Microsoft Visual Studio Solution File, Format Version 12.00
# Visual Studio Version 17
VisualStudioVersion = 17.0.31912.275
MinimumVisualStudioVersion = 10.0.40219.1
Project("{FAE04EC0-301F-11D3-BF4B-00C04F79EFBC}") = "Aljmal", "Aljmal.csproj", "{52578355-5F42-4B63-A75D-E891397F0B95}"
EndProject
Global
	GlobalSection(SolutionConfigurationPlatforms) = preSolution
		Debug|Any CPU = Debug|Any CPU
		Release|Any CPU = Release|Any CPU
	EndGlobalSection
	GlobalSection(ProjectConfigurationPlatforms) = postSolution
		{52578355-5F42-4B63-A75D-E891397F0B95}.Debug|Any CPU.ActiveCfg = Debug|Any CPU
		{52578355-5F42-4B63-A75D-E891397F0B95}.Debug|Any CPU.Build.0 = Debug|Any CPU
		{52578355-5F42-4B63-A75D-E891397F0B95}.Release|Any CPU.ActiveCfg = Release|Any CPU
		{52578355-5F42-4B63-A75D-E891397F0B95}.Release|Any CPU.Build.0 = Release|Any CPU
	EndGlobalSection
	GlobalSection(SolutionProperties) = preSolution
		HideSolutionNode = FALSE
	EndGlobalSection
	GlobalSection(ExtensibilityGlobals) = postSolution
		SolutionGuid = {5A33EEE8-A03E-4C34-8C57-2CF3B8AC37B7}
	EndGlobalSection
EndGlobal
